// !$*UTF8*$!
{
	archiveVersion = 1;
	classes = {
	};
	objectVersion = 56;
	objects = {

/* Begin PBXBuildFile section */
		E1BDC4862C5A0DE7006C0406 /* weatherApp.swift in Sources */ = {isa = PBXBuildFile; fileRef = E1BDC4852C5A0DE7006C0406 /* weatherApp.swift */; };
		E1BDC4882C5A0DE7006C0406 /* ContentView.swift in Sources */ = {isa = PBXBuildFile; fileRef = E1BDC4872C5A0DE7006C0406 /* ContentView.swift */; };
		E1BDC48A2C5A0DE7006C0406 /* Item.swift in Sources */ = {isa = PBXBuildFile; fileRef = E1BDC4892C5A0DE7006C0406 /* Item.swift */; };
		E1BDC48C2C5A0DE8006C0406 /* Assets.xcassets in Resources */ = {isa = PBXBuildFile; fileRef = E1BDC48B2C5A0DE8006C0406 /* Assets.xcassets */; };
		E1BDC48F2C5A0DE8006C0406 /* Preview Assets.xcassets in Resources */ = {isa = PBXBuildFile; fileRef = E1BDC48E2C5A0DE8006C0406 /* Preview Assets.xcassets */; };
		E1BDC4992C5A0DE8006C0406 /* weatherTests.swift in Sources */ = {isa = PBXBuildFile; fileRef = E1BDC4982C5A0DE8006C0406 /* weatherTests.swift */; };
		E1BDC4A32C5A0DE8006C0406 /* weatherUITests.swift in Sources */ = {isa = PBXBuildFile; fileRef = E1BDC4A22C5A0DE8006C0406 /* weatherUITests.swift */; };
		E1BDC4A52C5A0DE8006C0406 /* weatherUITestsLaunchTests.swift in Sources */ = {isa = PBXBuildFile; fileRef = E1BDC4A42C5A0DE8006C0406 /* weatherUITestsLaunchTests.swift */; };
/* End PBXBuildFile section */

/* Begin PBXContainerItemProxy section */
		E1BDC4952C5A0DE8006C0406 /* PBXContainerItemProxy */ = {
			isa = PBXContainerItemProxy;
			containerPortal = E1BDC47A2C5A0DE7006C0406 /* Project object */;
			proxyType = 1;
			remoteGlobalIDString = E1BDC4812C5A0DE7006C0406;
			remoteInfo = weather;
		};
		E1BDC49F2C5A0DE8006C0406 /* PBXContainerItemProxy */ = {
			isa = PBXContainerItemProxy;
			containerPortal = E1BDC47A2C5A0DE7006C0406 /* Project object */;
			proxyType = 1;
			remoteGlobalIDString = E1BDC4812C5A0DE7006C0406;
			remoteInfo = weather;
		};
/* End PBXContainerItemProxy section */

/* Begin PBXFileReference section */
		E1BDC4822C5A0DE7006C0406 /* weather.app */ = {isa = PBXFileReference; explicitFileType = wrapper.application; includeInIndex = 0; path = weather.app; sourceTree = BUILT_PRODUCTS_DIR; };
		E1BDC4852C5A0DE7006C0406 /* weatherApp.swift */ = {isa = PBXFileReference; lastKnownFileType = sourcecode.swift; path = weatherApp.swift; sourceTree = "<group>"; };
		E1BDC4872C5A0DE7006C0406 /* ContentView.swift */ = {isa = PBXFileReference; lastKnownFileType = sourcecode.swift; path = ContentView.swift; sourceTree = "<group>"; };
		E1BDC4892C5A0DE7006C0406 /* Item.swift */ = {isa = PBXFileReference; lastKnownFileType = sourcecode.swift; path = Item.swift; sourceTree = "<group>"; };
		E1BDC48B2C5A0DE8006C0406 /* Assets.xcassets */ = {isa = PBXFileReference; lastKnownFileType = folder.assetcatalog; path = Assets.xcassets; sourceTree = "<group>"; };
		E1BDC48E2C5A0DE8006C0406 /* Preview Assets.xcassets */ = {isa = PBXFileReference; lastKnownFileType = folder.assetcatalog; path = "Preview Assets.xcassets"; sourceTree = "<group>"; };
		E1BDC4942C5A0DE8006C0406 /* weatherTests.xctest */ = {isa = PBXFileReference; explicitFileType = wrapper.cfbundle; includeInIndex = 0; path = weatherTests.xctest; sourceTree = BUILT_PRODUCTS_DIR; };
		E1BDC4982C5A0DE8006C0406 /* weatherTests.swift */ = {isa = PBXFileReference; lastKnownFileType = sourcecode.swift; path = weatherTests.swift; sourceTree = "<group>"; };
		E1BDC49E2C5A0DE8006C0406 /* weatherUITests.xctest */ = {isa = PBXFileReference; explicitFileType = wrapper.cfbundle; includeInIndex = 0; path = weatherUITests.xctest; sourceTree = BUILT_PRODUCTS_DIR; };
		E1BDC4A22C5A0DE8006C0406 /* weatherUITests.swift */ = {isa = PBXFileReference; lastKnownFileType = sourcecode.swift; path = weatherUITests.swift; sourceTree = "<group>"; };
		E1BDC4A42C5A0DE8006C0406 /* weatherUITestsLaunchTests.swift */ = {isa = PBXFileReference; lastKnownFileType = sourcecode.swift; path = weatherUITestsLaunchTests.swift; sourceTree = "<group>"; };
/* End PBXFileReference section */

/* Begin PBXFrameworksBuildPhase section */
		E1BDC47F2C5A0DE7006C0406 /* Frameworks */ = {
			isa = PBXFrameworksBuildPhase;
			buildActionMask = 2147483647;
			files = (
			);
			runOnlyForDeploymentPostprocessing = 0;
		};
		E1BDC4912C5A0DE8006C0406 /* Frameworks */ = {
			isa = PBXFrameworksBuildPhase;
			buildActionMask = 2147483647;
			files = (
			);
			runOnlyForDeploymentPostprocessing = 0;
		};
		E1BDC49B2C5A0DE8006C0406 /* Frameworks */ = {
			isa = PBXFrameworksBuildPhase;
			buildActionMask = 2147483647;
			files = (
			);
			runOnlyForDeploymentPostprocessing = 0;
		};
/* End PBXFrameworksBuildPhase section */

/* Begin PBXGroup section */
		E1BDC4792C5A0DE7006C0406 = {
			isa = PBXGroup;
			children = (
				E1BDC4842C5A0DE7006C0406 /* weather */,
				E1BDC4972C5A0DE8006C0406 /* weatherTests */,
				E1BDC4A12C5A0DE8006C0406 /* weatherUITests */,
				E1BDC4832C5A0DE7006C0406 /* Products */,
			);
			sourceTree = "<group>";
		};
		E1BDC4832C5A0DE7006C0406 /* Products */ = {
			isa = PBXGroup;
			children = (
				E1BDC4822C5A0DE7006C0406 /* weather.app */,
				E1BDC4942C5A0DE8006C0406 /* weatherTests.xctest */,
				E1BDC49E2C5A0DE8006C0406 /* weatherUITests.xctest */,
			);
			name = Products;
			sourceTree = "<group>";
		};
		E1BDC4842C5A0DE7006C0406 /* weather */ = {
			isa = PBXGroup;
			children = (
				E1BDC4852C5A0DE7006C0406 /* weatherApp.swift */,
				E1BDC4872C5A0DE7006C0406 /* ContentView.swift */,
				E1BDC4892C5A0DE7006C0406 /* Item.swift */,
				E1BDC48B2C5A0DE8006C0406 /* Assets.xcassets */,
				E1BDC48D2C5A0DE8006C0406 /* Preview Content */,
			);
			path = weather;
			sourceTree = "<group>";
		};
		E1BDC48D2C5A0DE8006C0406 /* Preview Content */ = {
			isa = PBXGroup;
			children = (
				E1BDC48E2C5A0DE8006C0406 /* Preview Assets.xcassets */,
			);
			path = "Preview Content";
			sourceTree = "<group>";
		};
		E1BDC4972C5A0DE8006C0406 /* weatherTests */ = {
			isa = PBXGroup;
			children = (
				E1BDC4982C5A0DE8006C0406 /* weatherTests.swift */,
			);
			path = weatherTests;
			sourceTree = "<group>";
		};
		E1BDC4A12C5A0DE8006C0406 /* weatherUITests */ = {
			isa = PBXGroup;
			children = (
				E1BDC4A22C5A0DE8006C0406 /* weatherUITests.swift */,
				E1BDC4A42C5A0DE8006C0406 /* weatherUITestsLaunchTests.swift */,
			);
			path = weatherUITests;
			sourceTree = "<group>";
		};
/* End PBXGroup section */

/* Begin PBXNativeTarget section */
		E1BDC4812C5A0DE7006C0406 /* weather */ = {
			isa = PBXNativeTarget;
			buildConfigurationList = E1BDC4A82C5A0DE8006C0406 /* Build configuration list for PBXNativeTarget "weather" */;
			buildPhases = (
				E1BDC47E2C5A0DE7006C0406 /* Sources */,
				E1BDC47F2C5A0DE7006C0406 /* Frameworks */,
				E1BDC4802C5A0DE7006C0406 /* Resources */,
			);
			buildRules = (
			);
			dependencies = (
			);
			name = weather;
			productName = weather;
			productReference = E1BDC4822C5A0DE7006C0406 /* weather.app */;
			productType = "com.apple.product-type.application";
		};
		E1BDC4932C5A0DE8006C0406 /* weatherTests */ = {
			isa = PBXNativeTarget;
			buildConfigurationList = E1BDC4AB2C5A0DE8006C0406 /* Build configuration list for PBXNativeTarget "weatherTests" */;
			buildPhases = (
				E1BDC4902C5A0DE8006C0406 /* Sources */,
				E1BDC4912C5A0DE8006C0406 /* Frameworks */,
				E1BDC4922C5A0DE8006C0406 /* Resources */,
			);
			buildRules = (
			);
			dependencies = (
				E1BDC4962C5A0DE8006C0406 /* PBXTargetDependency */,
			);
			name = weatherTests;
			productName = weatherTests;
			productReference = E1BDC4942C5A0DE8006C0406 /* weatherTests.xctest */;
			productType = "com.apple.product-type.bundle.unit-test";
		};
		E1BDC49D2C5A0DE8006C0406 /* weatherUITests */ = {
			isa = PBXNativeTarget;
			buildConfigurationList = E1BDC4AE2C5A0DE8006C0406 /* Build configuration list for PBXNativeTarget "weatherUITests" */;
			buildPhases = (
				E1BDC49A2C5A0DE8006C0406 /* Sources */,
				E1BDC49B2C5A0DE8006C0406 /* Frameworks */,
				E1BDC49C2C5A0DE8006C0406 /* Resources */,
			);
			buildRules = (
			);
			dependencies = (
				E1BDC4A02C5A0DE8006C0406 /* PBXTargetDependency */,
			);
			name = weatherUITests;
			productName = weatherUITests;
			productReference = E1BDC49E2C5A0DE8006C0406 /* weatherUITests.xctest */;
			productType = "com.apple.product-type.bundle.ui-testing";
		};
/* End PBXNativeTarget section */

/* Begin PBXProject section */
		E1BDC47A2C5A0DE7006C0406 /* Project object */ = {
			isa = PBXProject;
			attributes = {
				BuildIndependentTargetsInParallel = 1;
				LastSwiftUpdateCheck = 1540;
				LastUpgradeCheck = 1540;
				TargetAttributes = {
					E1BDC4812C5A0DE7006C0406 = {
						CreatedOnToolsVersion = 15.4;
					};
					E1BDC4932C5A0DE8006C0406 = {
						CreatedOnToolsVersion = 15.4;
						TestTargetID = E1BDC4812C5A0DE7006C0406;
					};
					E1BDC49D2C5A0DE8006C0406 = {
						CreatedOnToolsVersion = 15.4;
						TestTargetID = E1BDC4812C5A0DE7006C0406;
					};
				};
			};
			buildConfigurationList = E1BDC47D2C5A0DE7006C0406 /* Build configuration list for PBXProject "weather" */;
			compatibilityVersion = "Xcode 14.0";
			developmentRegion = en;
			hasScannedForEncodings = 0;
			knownRegions = (
				en,
				Base,
			);
			mainGroup = E1BDC4792C5A0DE7006C0406;
			productRefGroup = E1BDC4832C5A0DE7006C0406 /* Products */;
			projectDirPath = "";
			projectRoot = "";
			targets = (
				E1BDC4812C5A0DE7006C0406 /* weather */,
				E1BDC4932C5A0DE8006C0406 /* weatherTests */,
				E1BDC49D2C5A0DE8006C0406 /* weatherUITests */,
			);
		};
/* End PBXProject section */

/* Begin PBXResourcesBuildPhase section */
		E1BDC4802C5A0DE7006C0406 /* Resources */ = {
			isa = PBXResourcesBuildPhase;
			buildActionMask = 2147483647;
			files = (
				E1BDC48F2C5A0DE8006C0406 /* Preview Assets.xcassets in Resources */,
				E1BDC48C2C5A0DE8006C0406 /* Assets.xcassets in Resources */,
			);
			runOnlyForDeploymentPostprocessing = 0;
		};
		E1BDC4922C5A0DE8006C0406 /* Resources */ = {
			isa = PBXResourcesBuildPhase;
			buildActionMask = 2147483647;
			files = (
			);
			runOnlyForDeploymentPostprocessing = 0;
		};
		E1BDC49C2C5A0DE8006C0406 /* Resources */ = {
			isa = PBXResourcesBuildPhase;
			buildActionMask = 2147483647;
			files = (
			);
			runOnlyForDeploymentPostprocessing = 0;
		};
/* End PBXResourcesBuildPhase section */

/* Begin PBXSourcesBuildPhase section */
		E1BDC47E2C5A0DE7006C0406 /* Sources */ = {
			isa = PBXSourcesBuildPhase;
			buildActionMask = 2147483647;
			files = (
				E1BDC4882C5A0DE7006C0406 /* ContentView.swift in Sources */,
				E1BDC48A2C5A0DE7006C0406 /* Item.swift in Sources */,
				E1BDC4862C5A0DE7006C0406 /* weatherApp.swift in Sources */,
			);
			runOnlyForDeploymentPostprocessing = 0;
		};
		E1BDC4902C5A0DE8006C0406 /* Sources */ = {
			isa = PBXSourcesBuildPhase;
			buildActionMask = 2147483647;
			files = (
				E1BDC4992C5A0DE8006C0406 /* weatherTests.swift in Sources */,
			);
			runOnlyForDeploymentPostprocessing = 0;
		};
		E1BDC49A2C5A0DE8006C0406 /* Sources */ = {
			isa = PBXSourcesBuildPhase;
			buildActionMask = 2147483647;
			files = (
				E1BDC4A32C5A0DE8006C0406 /* weatherUITests.swift in Sources */,
				E1BDC4A52C5A0DE8006C0406 /* weatherUITestsLaunchTests.swift in Sources */,
			);
			runOnlyForDeploymentPostprocessing = 0;
		};
/* End PBXSourcesBuildPhase section */

/* Begin PBXTargetDependency section */
		E1BDC4962C5A0DE8006C0406 /* PBXTargetDependency */ = {
			isa = PBXTargetDependency;
			target = E1BDC4812C5A0DE7006C0406 /* weather */;
			targetProxy = E1BDC4952C5A0DE8006C0406 /* PBXContainerItemProxy */;
		};
		E1BDC4A02C5A0DE8006C0406 /* PBXTargetDependency */ = {
			isa = PBXTargetDependency;
			target = E1BDC4812C5A0DE7006C0406 /* weather */;
			targetProxy = E1BDC49F2C5A0DE8006C0406 /* PBXContainerItemProxy */;
		};
/* End PBXTargetDependency section */

/* Begin XCBuildConfiguration section */
		E1BDC4A62C5A0DE8006C0406 /* Debug */ = {
			isa = XCBuildConfiguration;
			buildSettings = {
				ALWAYS_SEARCH_USER_PATHS = NO;
				ASSETCATALOG_COMPILER_GENERATE_SWIFT_ASSET_SYMBOL_EXTENSIONS = YES;
				CLANG_ANALYZER_NONNULL = YES;
				CLANG_ANALYZER_NUMBER_OBJECT_CONVERSION = YES_AGGRESSIVE;
				CLANG_CXX_LANGUAGE_STANDARD = "gnu++20";
				CLANG_ENABLE_MODULES = YES;
				CLANG_ENABLE_OBJC_ARC = YES;
				CLANG_ENABLE_OBJC_WEAK = YES;
				CLANG_WARN_BLOCK_CAPTURE_AUTORELEASING = YES;
				CLANG_WARN_BOOL_CONVERSION = YES;
				CLANG_WARN_COMMA = YES;
				CLANG_WARN_CONSTANT_CONVERSION = YES;
				CLANG_WARN_DEPRECATED_OBJC_IMPLEMENTATIONS = YES;
				CLANG_WARN_DIRECT_OBJC_ISA_USAGE = YES_ERROR;
				CLANG_WARN_DOCUMENTATION_COMMENTS = YES;
				CLANG_WARN_EMPTY_BODY = YES;
				CLANG_WARN_ENUM_CONVERSION = YES;
				CLANG_WARN_INFINITE_RECURSION = YES;
				CLANG_WARN_INT_CONVERSION = YES;
				CLANG_WARN_NON_LITERAL_NULL_CONVERSION = YES;
				CLANG_WARN_OBJC_IMPLICIT_RETAIN_SELF = YES;
				CLANG_WARN_OBJC_LITERAL_CONVERSION = YES;
				CLANG_WARN_OBJC_ROOT_CLASS = YES_ERROR;
				CLANG_WARN_QUOTED_INCLUDE_IN_FRAMEWORK_HEADER = YES;
				CLANG_WARN_RANGE_LOOP_ANALYSIS = YES;
				CLANG_WARN_STRICT_PROTOTYPES = YES;
				CLANG_WARN_SUSPICIOUS_MOVE = YES;
				CLANG_WARN_UNGUARDED_AVAILABILITY = YES_AGGRESSIVE;
				CLANG_WARN_UNREACHABLE_CODE = YES;
				CLANG_WARN__DUPLICATE_METHOD_MATCH = YES;
				COPY_PHASE_STRIP = NO;
				DEBUG_INFORMATION_FORMAT = dwarf;
				ENABLE_STRICT_OBJC_MSGSEND = YES;
				ENABLE_TESTABILITY = YES;
				ENABLE_USER_SCRIPT_SANDBOXING = YES;
				GCC_C_LANGUAGE_STANDARD = gnu17;
				GCC_DYNAMIC_NO_PIC = NO;
				GCC_NO_COMMON_BLOCKS = YES;
				GCC_OPTIMIZATION_LEVEL = 0;
				GCC_PREPROCESSOR_DEFINITIONS = (
					"DEBUG=1",
					"$(inherited)",
				);
				GCC_WARN_64_TO_32_BIT_CONVERSION = YES;
				GCC_WARN_ABOUT_RETURN_TYPE = YES_ERROR;
				GCC_WARN_UNDECLARED_SELECTOR = YES;
				GCC_WARN_UNINITIALIZED_AUTOS = YES_AGGRESSIVE;
				GCC_WARN_UNUSED_FUNCTION = YES;
				GCC_WARN_UNUSED_VARIABLE = YES;
				IPHONEOS_DEPLOYMENT_TARGET = 17.5;
				LOCALIZATION_PREFERS_STRING_CATALOGS = YES;
				MTL_ENABLE_DEBUG_INFO = INCLUDE_SOURCE;
				MTL_FAST_MATH = YES;
				ONLY_ACTIVE_ARCH = YES;
				SDKROOT = iphoneos;
				SWIFT_ACTIVE_COMPILATION_CONDITIONS = "DEBUG $(inherited)";
				SWIFT_OPTIMIZATION_LEVEL = "-Onone";
			};
			name = Debug;
		};
		E1BDC4A72C5A0DE8006C0406 /* Release */ = {
			isa = XCBuildConfiguration;
			buildSettings = {
				ALWAYS_SEARCH_USER_PATHS = NO;
				ASSETCATALOG_COMPILER_GENERATE_SWIFT_ASSET_SYMBOL_EXTENSIONS = YES;
				CLANG_ANALYZER_NONNULL = YES;
				CLANG_ANALYZER_NUMBER_OBJECT_CONVERSION = YES_AGGRESSIVE;
				CLANG_CXX_LANGUAGE_STANDARD = "gnu++20";
				CLANG_ENABLE_MODULES = YES;
				CLANG_ENABLE_OBJC_ARC = YES;
				CLANG_ENABLE_OBJC_WEAK = YES;
				CLANG_WARN_BLOCK_CAPTURE_AUTORELEASING = YES;
				CLANG_WARN_BOOL_CONVERSION = YES;
				CLANG_WARN_COMMA = YES;
				CLANG_WARN_CONSTANT_CONVERSION = YES;
				CLANG_WARN_DEPRECATED_OBJC_IMPLEMENTATIONS = YES;
				CLANG_WARN_DIRECT_OBJC_ISA_USAGE = YES_ERROR;
				CLANG_WARN_DOCUMENTATION_COMMENTS = YES;
				CLANG_WARN_EMPTY_BODY = YES;
				CLANG_WARN_ENUM_CONVERSION = YES;
				CLANG_WARN_INFINITE_RECURSION = YES;
				CLANG_WARN_INT_CONVERSION = YES;
				CLANG_WARN_NON_LITERAL_NULL_CONVERSION = YES;
				CLANG_WARN_OBJC_IMPLICIT_RETAIN_SELF = YES;
				CLANG_WARN_OBJC_LITERAL_CONVERSION = YES;
				CLANG_WARN_OBJC_ROOT_CLASS = YES_ERROR;
				CLANG_WARN_QUOTED_INCLUDE_IN_FRAMEWORK_HEADER = YES;
				CLANG_WARN_RANGE_LOOP_ANALYSIS = YES;
				CLANG_WARN_STRICT_PROTOTYPES = YES;
				CLANG_WARN_SUSPICIOUS_MOVE = YES;
				CLANG_WARN_UNGUARDED_AVAILABILITY = YES_AGGRESSIVE;
				CLANG_WARN_UNREACHABLE_CODE = YES;
				CLANG_WARN__DUPLICATE_METHOD_MATCH = YES;
				COPY_PHASE_STRIP = NO;
				DEBUG_INFORMATION_FORMAT = "dwarf-with-dsym";
				ENABLE_NS_ASSERTIONS = NO;
				ENABLE_STRICT_OBJC_MSGSEND = YES;
				ENABLE_USER_SCRIPT_SANDBOXING = YES;
				GCC_C_LANGUAGE_STANDARD = gnu17;
				GCC_NO_COMMON_BLOCKS = YES;
				GCC_WARN_64_TO_32_BIT_CONVERSION = YES;
				GCC_WARN_ABOUT_RETURN_TYPE = YES_ERROR;
				GCC_WARN_UNDECLARED_SELECTOR = YES;
				GCC_WARN_UNINITIALIZED_AUTOS = YES_AGGRESSIVE;
				GCC_WARN_UNUSED_FUNCTION = YES;
				GCC_WARN_UNUSED_VARIABLE = YES;
				IPHONEOS_DEPLOYMENT_TARGET = 17.5;
				LOCALIZATION_PREFERS_STRING_CATALOGS = YES;
				MTL_ENABLE_DEBUG_INFO = NO;
				MTL_FAST_MATH = YES;
				SDKROOT = iphoneos;
				SWIFT_COMPILATION_MODE = wholemodule;
				VALIDATE_PRODUCT = YES;
			};
			name = Release;
		};
		E1BDC4A92C5A0DE8006C0406 /* Debug */ = {
			isa = XCBuildConfiguration;
			buildSettings = {
				ASSETCATALOG_COMPILER_APPICON_NAME = AppIcon;
				ASSETCATALOG_COMPILER_GLOBAL_ACCENT_COLOR_NAME = AccentColor;
				CODE_SIGN_STYLE = Automatic;
				CURRENT_PROJECT_VERSION = 1;
				DEVELOPMENT_ASSET_PATHS = "\"weather/Preview Content\"";
				ENABLE_PREVIEWS = YES;
				GENERATE_INFOPLIST_FILE = YES;
				INFOPLIST_KEY_UIApplicationSceneManifest_Generation = YES;
				INFOPLIST_KEY_UIApplicationSupportsIndirectInputEvents = YES;
				INFOPLIST_KEY_UILaunchScreen_Generation = YES;
				INFOPLIST_KEY_UISupportedInterfaceOrientations_iPad = "UIInterfaceOrientationPortrait UIInterfaceOrientationPortraitUpsideDown UIInterfaceOrientationLandscapeLeft UIInterfaceOrientationLandscapeRight";
				INFOPLIST_KEY_UISupportedInterfaceOrientations_iPhone = "UIInterfaceOrientationPortrait UIInterfaceOrientationLandscapeLeft UIInterfaceOrientationLandscapeRight";
				LD_RUNPATH_SEARCH_PATHS = (
					"$(inherited)",
					"@executable_path/Frameworks",
				);
				MARKETING_VERSION = 1.0;
				PRODUCT_BUNDLE_IDENTIFIER = com.anshyyy.weather;
				PRODUCT_NAME = "$(TARGET_NAME)";
				SWIFT_EMIT_LOC_STRINGS = YES;
				SWIFT_VERSION = 5.0;
				TARGETED_DEVICE_FAMILY = "1,2";
			};
			name = Debug;
		};
		E1BDC4AA2C5A0DE8006C0406 /* Release */ = {
			isa = XCBuildConfiguration;
			buildSettings = {
				ASSETCATALOG_COMPILER_APPICON_NAME = AppIcon;
				ASSETCATALOG_COMPILER_GLOBAL_ACCENT_COLOR_NAME = AccentColor;
				CODE_SIGN_STYLE = Automatic;
				CURRENT_PROJECT_VERSION = 1;
				DEVELOPMENT_ASSET_PATHS = "\"weather/Preview Content\"";
				ENABLE_PREVIEWS = YES;
				GENERATE_INFOPLIST_FILE = YES;
				INFOPLIST_KEY_UIApplicationSceneManifest_Generation = YES;
				INFOPLIST_KEY_UIApplicationSupportsIndirectInputEvents = YES;
				INFOPLIST_KEY_UILaunchScreen_Generation = YES;
				INFOPLIST_KEY_UISupportedInterfaceOrientations_iPad = "UIInterfaceOrientationPortrait UIInterfaceOrientationPortraitUpsideDown UIInterfaceOrientationLandscapeLeft UIInterfaceOrientationLandscapeRight";
				INFOPLIST_KEY_UISupportedInterfaceOrientations_iPhone = "UIInterfaceOrientationPortrait UIInterfaceOrientationLandscapeLeft UIInterfaceOrientationLandscapeRight";
				LD_RUNPATH_SEARCH_PATHS = (
					"$(inherited)",
					"@executable_path/Frameworks",
				);
				MARKETING_VERSION = 1.0;
				PRODUCT_BUNDLE_IDENTIFIER = com.anshyyy.weather;
				PRODUCT_NAME = "$(TARGET_NAME)";
				SWIFT_EMIT_LOC_STRINGS = YES;
				SWIFT_VERSION = 5.0;
				TARGETED_DEVICE_FAMILY = "1,2";
			};
			name = Release;
		};
		E1BDC4AC2C5A0DE8006C0406 /* Debug */ = {
			isa = XCBuildConfiguration;
			buildSettings = {
				ALWAYS_EMBED_SWIFT_STANDARD_LIBRARIES = YES;
				BUNDLE_LOADER = "$(TEST_HOST)";
				CODE_SIGN_STYLE = Automatic;
				CURRENT_PROJECT_VERSION = 1;
				GENERATE_INFOPLIST_FILE = YES;
				IPHONEOS_DEPLOYMENT_TARGET = 17.5;
				MARKETING_VERSION = 1.0;
				PRODUCT_BUNDLE_IDENTIFIER = com.anshyyy.weatherTests;
				PRODUCT_NAME = "$(TARGET_NAME)";
				SWIFT_EMIT_LOC_STRINGS = NO;
				SWIFT_VERSION = 5.0;
				TARGETED_DEVICE_FAMILY = "1,2";
				TEST_HOST = "$(BUILT_PRODUCTS_DIR)/weather.app/$(BUNDLE_EXECUTABLE_FOLDER_PATH)/weather";
			};
			name = Debug;
		};
		E1BDC4AD2C5A0DE8006C0406 /* Release */ = {
			isa = XCBuildConfiguration;
			buildSettings = {
				ALWAYS_EMBED_SWIFT_STANDARD_LIBRARIES = YES;
				BUNDLE_LOADER = "$(TEST_HOST)";
				CODE_SIGN_STYLE = Automatic;
				CURRENT_PROJECT_VERSION = 1;
				GENERATE_INFOPLIST_FILE = YES;
				IPHONEOS_DEPLOYMENT_TARGET = 17.5;
				MARKETING_VERSION = 1.0;
				PRODUCT_BUNDLE_IDENTIFIER = com.anshyyy.weatherTests;
				PRODUCT_NAME = "$(TARGET_NAME)";
				SWIFT_EMIT_LOC_STRINGS = NO;
				SWIFT_VERSION = 5.0;
				TARGETED_DEVICE_FAMILY = "1,2";
				TEST_HOST = "$(BUILT_PRODUCTS_DIR)/weather.app/$(BUNDLE_EXECUTABLE_FOLDER_PATH)/weather";
			};
			name = Release;
		};
		E1BDC4AF2C5A0DE8006C0406 /* Debug */ = {
			isa = XCBuildConfiguration;
			buildSettings = {
				ALWAYS_EMBED_SWIFT_STANDARD_LIBRARIES = YES;
				CODE_SIGN_STYLE = Automatic;
				CURRENT_PROJECT_VERSION = 1;
				GENERATE_INFOPLIST_FILE = YES;
				MARKETING_VERSION = 1.0;
				PRODUCT_BUNDLE_IDENTIFIER = com.anshyyy.weatherUITests;
				PRODUCT_NAME = "$(TARGET_NAME)";
				SWIFT_EMIT_LOC_STRINGS = NO;
				SWIFT_VERSION = 5.0;
				TARGETED_DEVICE_FAMILY = "1,2";
				TEST_TARGET_NAME = weather;
			};
			name = Debug;
		};
		E1BDC4B02C5A0DE8006C0406 /* Release */ = {
			isa = XCBuildConfiguration;
			buildSettings = {
				ALWAYS_EMBED_SWIFT_STANDARD_LIBRARIES = YES;
				CODE_SIGN_STYLE = Automatic;
				CURRENT_PROJECT_VERSION = 1;
				GENERATE_INFOPLIST_FILE = YES;
				MARKETING_VERSION = 1.0;
				PRODUCT_BUNDLE_IDENTIFIER = com.anshyyy.weatherUITests;
				PRODUCT_NAME = "$(TARGET_NAME)";
				SWIFT_EMIT_LOC_STRINGS = NO;
				SWIFT_VERSION = 5.0;
				TARGETED_DEVICE_FAMILY = "1,2";
				TEST_TARGET_NAME = weather;
			};
			name = Release;
		};
/* End XCBuildConfiguration section */

/* Begin XCConfigurationList section */
		E1BDC47D2C5A0DE7006C0406 /* Build configuration list for PBXProject "weather" */ = {
			isa = XCConfigurationList;
			buildConfigurations = (
				E1BDC4A62C5A0DE8006C0406 /* Debug */,
				E1BDC4A72C5A0DE8006C0406 /* Release */,
			);
			defaultConfigurationIsVisible = 0;
			defaultConfigurationName = Release;
		};
		E1BDC4A82C5A0DE8006C0406 /* Build configuration list for PBXNativeTarget "weather" */ = {
			isa = XCConfigurationList;
			buildConfigurations = (
				E1BDC4A92C5A0DE8006C0406 /* Debug */,
				E1BDC4AA2C5A0DE8006C0406 /* Release */,
			);
			defaultConfigurationIsVisible = 0;
			defaultConfigurationName = Release;
		};
		E1BDC4AB2C5A0DE8006C0406 /* Build configuration list for PBXNativeTarget "weatherTests" */ = {
			isa = XCConfigurationList;
			buildConfigurations = (
				E1BDC4AC2C5A0DE8006C0406 /* Debug */,
				E1BDC4AD2C5A0DE8006C0406 /* Release */,
			);
			defaultConfigurationIsVisible = 0;
			defaultConfigurationName = Release;
		};
		E1BDC4AE2C5A0DE8006C0406 /* Build configuration list for PBXNativeTarget "weatherUITests" */ = {
			isa = XCConfigurationList;
			buildConfigurations = (
				E1BDC4AF2C5A0DE8006C0406 /* Debug */,
				E1BDC4B02C5A0DE8006C0406 /* Release */,
			);
			defaultConfigurationIsVisible = 0;
			defaultConfigurationName = Release;
		};
/* End XCConfigurationList section */
	};
	rootObject = E1BDC47A2C5A0DE7006C0406 /* Project object */;
}
